// !$*UTF8*$!
{
	archiveVersion = 1;
	classes = {
	};
	objectVersion = 56;
	objects = {

/* Begin PBXBuildFile section */
		E23A87DC2A9C2CAF006CE695 /* CoinIcon.swift in Sources */ = {isa = PBXBuildFile; fileRef = E23A87DB2A9C2CAF006CE695 /* CoinIcon.swift */; };
		E23A87E82A9C853B006CE695 /* CoinDetailViewController.swift in Sources */ = {isa = PBXBuildFile; fileRef = E23A87E72A9C853B006CE695 /* CoinDetailViewController.swift */; };
		E23A87EA2A9CA763006CE695 /* GeneralHelper.swift in Sources */ = {isa = PBXBuildFile; fileRef = E23A87E92A9CA763006CE695 /* GeneralHelper.swift */; };
		E2AED4C22A98C3990037A490 /* AppDelegate.swift in Sources */ = {isa = PBXBuildFile; fileRef = E2AED4C12A98C3990037A490 /* AppDelegate.swift */; };
		E2AED4C42A98C3990037A490 /* SceneDelegate.swift in Sources */ = {isa = PBXBuildFile; fileRef = E2AED4C32A98C3990037A490 /* SceneDelegate.swift */; };
		E2AED4C62A98C3990037A490 /* HomeViewController.swift in Sources */ = {isa = PBXBuildFile; fileRef = E2AED4C52A98C3990037A490 /* HomeViewController.swift */; };
		E2AED4C92A98C3990037A490 /* Main.storyboard in Resources */ = {isa = PBXBuildFile; fileRef = E2AED4C72A98C3990037A490 /* Main.storyboard */; };
		E2AED4CB2A98C39C0037A490 /* Assets.xcassets in Resources */ = {isa = PBXBuildFile; fileRef = E2AED4CA2A98C39C0037A490 /* Assets.xcassets */; };
		E2AED4CE2A98C39C0037A490 /* LaunchScreen.storyboard in Resources */ = {isa = PBXBuildFile; fileRef = E2AED4CC2A98C39C0037A490 /* LaunchScreen.storyboard */; };
		E2AED4D92A98C39C0037A490 /* ditech_testTests.swift in Sources */ = {isa = PBXBuildFile; fileRef = E2AED4D82A98C39C0037A490 /* ditech_testTests.swift */; };
		E2AED4E32A98C39C0037A490 /* ditech_testUITests.swift in Sources */ = {isa = PBXBuildFile; fileRef = E2AED4E22A98C39C0037A490 /* ditech_testUITests.swift */; };
		E2AED4E52A98C39C0037A490 /* ditech_testUITestsLaunchTests.swift in Sources */ = {isa = PBXBuildFile; fileRef = E2AED4E42A98C39C0037A490 /* ditech_testUITestsLaunchTests.swift */; };
		E2AED4F72A98C52B0037A490 /* NetworkService.swift in Sources */ = {isa = PBXBuildFile; fileRef = E2AED4F62A98C52B0037A490 /* NetworkService.swift */; };
		E2AED4F92A98C5390037A490 /* ImageHelper.swift in Sources */ = {isa = PBXBuildFile; fileRef = E2AED4F82A98C5390037A490 /* ImageHelper.swift */; };
		E2AED4FB2A98C55B0037A490 /* HttpMethods.swift in Sources */ = {isa = PBXBuildFile; fileRef = E2AED4FA2A98C55B0037A490 /* HttpMethods.swift */; };
		E2AED4FE2A98C8770037A490 /* CoinData.swift in Sources */ = {isa = PBXBuildFile; fileRef = E2AED4FD2A98C8770037A490 /* CoinData.swift */; };
		E2B23B982A999A7A008DCDCA /* CoinListPresenter.swift in Sources */ = {isa = PBXBuildFile; fileRef = E2B23B972A999A7A008DCDCA /* CoinListPresenter.swift */; };
		E2B23BA12A9B67DF008DCDCA /* CoinCell.swift in Sources */ = {isa = PBXBuildFile; fileRef = E2B23B9F2A9B67DF008DCDCA /* CoinCell.swift */; };
		E2B23BA22A9B67DF008DCDCA /* CoinCell.xib in Resources */ = {isa = PBXBuildFile; fileRef = E2B23BA02A9B67DF008DCDCA /* CoinCell.xib */; };
		E2B23BA62A9B7850008DCDCA /* CoinListViewController.swift in Sources */ = {isa = PBXBuildFile; fileRef = E2B23BA52A9B7850008DCDCA /* CoinListViewController.swift */; };
/* End PBXBuildFile section */

/* Begin PBXContainerItemProxy section */
		E2AED4D52A98C39C0037A490 /* PBXContainerItemProxy */ = {
			isa = PBXContainerItemProxy;
			containerPortal = E2AED4B62A98C3990037A490 /* Project object */;
			proxyType = 1;
			remoteGlobalIDString = E2AED4BD2A98C3990037A490;
			remoteInfo = "ditech-test";
		};
		E2AED4DF2A98C39C0037A490 /* PBXContainerItemProxy */ = {
			isa = PBXContainerItemProxy;
			containerPortal = E2AED4B62A98C3990037A490 /* Project object */;
			proxyType = 1;
			remoteGlobalIDString = E2AED4BD2A98C3990037A490;
			remoteInfo = "ditech-test";
		};
/* End PBXContainerItemProxy section */

/* Begin PBXFileReference section */
		E23A87DB2A9C2CAF006CE695 /* CoinIcon.swift */ = {isa = PBXFileReference; lastKnownFileType = sourcecode.swift; path = CoinIcon.swift; sourceTree = "<group>"; };
		E23A87E72A9C853B006CE695 /* CoinDetailViewController.swift */ = {isa = PBXFileReference; lastKnownFileType = sourcecode.swift; path = CoinDetailViewController.swift; sourceTree = "<group>"; };
		E23A87E92A9CA763006CE695 /* GeneralHelper.swift */ = {isa = PBXFileReference; lastKnownFileType = sourcecode.swift; path = GeneralHelper.swift; sourceTree = "<group>"; };
		E2AED4BE2A98C3990037A490 /* ditech-test.app */ = {isa = PBXFileReference; explicitFileType = wrapper.application; includeInIndex = 0; path = "ditech-test.app"; sourceTree = BUILT_PRODUCTS_DIR; };
		E2AED4C12A98C3990037A490 /* AppDelegate.swift */ = {isa = PBXFileReference; lastKnownFileType = sourcecode.swift; path = AppDelegate.swift; sourceTree = "<group>"; };
		E2AED4C32A98C3990037A490 /* SceneDelegate.swift */ = {isa = PBXFileReference; lastKnownFileType = sourcecode.swift; path = SceneDelegate.swift; sourceTree = "<group>"; };
		E2AED4C52A98C3990037A490 /* HomeViewController.swift */ = {isa = PBXFileReference; lastKnownFileType = sourcecode.swift; path = HomeViewController.swift; sourceTree = "<group>"; };
		E2AED4C82A98C3990037A490 /* Base */ = {isa = PBXFileReference; lastKnownFileType = file.storyboard; name = Base; path = Base.lproj/Main.storyboard; sourceTree = "<group>"; };
		E2AED4CA2A98C39C0037A490 /* Assets.xcassets */ = {isa = PBXFileReference; lastKnownFileType = folder.assetcatalog; path = Assets.xcassets; sourceTree = "<group>"; };
		E2AED4CD2A98C39C0037A490 /* Base */ = {isa = PBXFileReference; lastKnownFileType = file.storyboard; name = Base; path = Base.lproj/LaunchScreen.storyboard; sourceTree = "<group>"; };
		E2AED4CF2A98C39C0037A490 /* Info.plist */ = {isa = PBXFileReference; lastKnownFileType = text.plist.xml; path = Info.plist; sourceTree = "<group>"; };
		E2AED4D42A98C39C0037A490 /* ditech-testTests.xctest */ = {isa = PBXFileReference; explicitFileType = wrapper.cfbundle; includeInIndex = 0; path = "ditech-testTests.xctest"; sourceTree = BUILT_PRODUCTS_DIR; };
		E2AED4D82A98C39C0037A490 /* ditech_testTests.swift */ = {isa = PBXFileReference; lastKnownFileType = sourcecode.swift; path = ditech_testTests.swift; sourceTree = "<group>"; };
		E2AED4DE2A98C39C0037A490 /* ditech-testUITests.xctest */ = {isa = PBXFileReference; explicitFileType = wrapper.cfbundle; includeInIndex = 0; path = "ditech-testUITests.xctest"; sourceTree = BUILT_PRODUCTS_DIR; };
		E2AED4E22A98C39C0037A490 /* ditech_testUITests.swift */ = {isa = PBXFileReference; lastKnownFileType = sourcecode.swift; path = ditech_testUITests.swift; sourceTree = "<group>"; };
		E2AED4E42A98C39C0037A490 /* ditech_testUITestsLaunchTests.swift */ = {isa = PBXFileReference; lastKnownFileType = sourcecode.swift; path = ditech_testUITestsLaunchTests.swift; sourceTree = "<group>"; };
		E2AED4F62A98C52B0037A490 /* NetworkService.swift */ = {isa = PBXFileReference; lastKnownFileType = sourcecode.swift; path = NetworkService.swift; sourceTree = "<group>"; };
		E2AED4F82A98C5390037A490 /* ImageHelper.swift */ = {isa = PBXFileReference; lastKnownFileType = sourcecode.swift; path = ImageHelper.swift; sourceTree = "<group>"; };
		E2AED4FA2A98C55B0037A490 /* HttpMethods.swift */ = {isa = PBXFileReference; lastKnownFileType = sourcecode.swift; path = HttpMethods.swift; sourceTree = "<group>"; };
		E2AED4FD2A98C8770037A490 /* CoinData.swift */ = {isa = PBXFileReference; lastKnownFileType = sourcecode.swift; path = CoinData.swift; sourceTree = "<group>"; };
		E2B23B972A999A7A008DCDCA /* CoinListPresenter.swift */ = {isa = PBXFileReference; lastKnownFileType = sourcecode.swift; path = CoinListPresenter.swift; sourceTree = "<group>"; };
		E2B23B9F2A9B67DF008DCDCA /* CoinCell.swift */ = {isa = PBXFileReference; lastKnownFileType = sourcecode.swift; path = CoinCell.swift; sourceTree = "<group>"; };
		E2B23BA02A9B67DF008DCDCA /* CoinCell.xib */ = {isa = PBXFileReference; lastKnownFileType = file.xib; path = CoinCell.xib; sourceTree = "<group>"; };
		E2B23BA52A9B7850008DCDCA /* CoinListViewController.swift */ = {isa = PBXFileReference; lastKnownFileType = sourcecode.swift; path = CoinListViewController.swift; sourceTree = "<group>"; };
/* End PBXFileReference section */

/* Begin PBXFrameworksBuildPhase section */
		E2AED4BB2A98C3990037A490 /* Frameworks */ = {
			isa = PBXFrameworksBuildPhase;
			buildActionMask = 2147483647;
			files = (
			);
			runOnlyForDeploymentPostprocessing = 0;
		};
		E2AED4D12A98C39C0037A490 /* Frameworks */ = {
			isa = PBXFrameworksBuildPhase;
			buildActionMask = 2147483647;
			files = (
			);
			runOnlyForDeploymentPostprocessing = 0;
		};
		E2AED4DB2A98C39C0037A490 /* Frameworks */ = {
			isa = PBXFrameworksBuildPhase;
			buildActionMask = 2147483647;
			files = (
			);
			runOnlyForDeploymentPostprocessing = 0;
		};
/* End PBXFrameworksBuildPhase section */

/* Begin PBXGroup section */
		E23A87DE2A9C4F74006CE695 /* Home */ = {
			isa = PBXGroup;
			children = (
				E2AED4C52A98C3990037A490 /* HomeViewController.swift */,
			);
			path = Home;
			sourceTree = "<group>";
		};
		E23A87DF2A9C4F7D006CE695 /* CoinList */ = {
			isa = PBXGroup;
			children = (
				E2AED4FC2A98C5E50037A490 /* Cells */,
				E2B23BA52A9B7850008DCDCA /* CoinListViewController.swift */,
				E23A87E72A9C853B006CE695 /* CoinDetailViewController.swift */,
				E2B23B972A999A7A008DCDCA /* CoinListPresenter.swift */,
			);
			path = CoinList;
			sourceTree = "<group>";
		};
		E23A87E02A9C4FE5006CE695 /* SupportFiles */ = {
			isa = PBXGroup;
			children = (
				E2AED4CA2A98C39C0037A490 /* Assets.xcassets */,
				E2AED4CC2A98C39C0037A490 /* LaunchScreen.storyboard */,
				E2AED4CF2A98C39C0037A490 /* Info.plist */,
			);
			path = SupportFiles;
			sourceTree = "<group>";
		};
		E23A87E12A9C4FF7006CE695 /* App */ = {
			isa = PBXGroup;
			children = (
				E2AED4C12A98C3990037A490 /* AppDelegate.swift */,
				E2AED4C32A98C3990037A490 /* SceneDelegate.swift */,
				E2AED4F22A98C4C30037A490 /* Commons */,
				E2AED4F12A98C4B80037A490 /* DataSources */,
				E2AED4F52A98C5070037A490 /* Models */,
				E2AED4F42A98C4F70037A490 /* Views */,
			);
			path = App;
			sourceTree = "<group>";
		};
		E2AED4B52A98C3990037A490 = {
			isa = PBXGroup;
			children = (
				E2AED4C02A98C3990037A490 /* ditech-test */,
				E2AED4D72A98C39C0037A490 /* ditech-testTests */,
				E2AED4E12A98C39C0037A490 /* ditech-testUITests */,
				E2AED4BF2A98C3990037A490 /* Products */,
			);
			sourceTree = "<group>";
		};
		E2AED4BF2A98C3990037A490 /* Products */ = {
			isa = PBXGroup;
			children = (
				E2AED4BE2A98C3990037A490 /* ditech-test.app */,
				E2AED4D42A98C39C0037A490 /* ditech-testTests.xctest */,
				E2AED4DE2A98C39C0037A490 /* ditech-testUITests.xctest */,
			);
			name = Products;
			sourceTree = "<group>";
		};
		E2AED4C02A98C3990037A490 /* ditech-test */ = {
			isa = PBXGroup;
			children = (
				E23A87E12A9C4FF7006CE695 /* App */,
				E23A87E02A9C4FE5006CE695 /* SupportFiles */,
			);
			path = "ditech-test";
			sourceTree = "<group>";
		};
		E2AED4D72A98C39C0037A490 /* ditech-testTests */ = {
			isa = PBXGroup;
			children = (
				E2AED4D82A98C39C0037A490 /* ditech_testTests.swift */,
			);
			path = "ditech-testTests";
			sourceTree = "<group>";
		};
		E2AED4E12A98C39C0037A490 /* ditech-testUITests */ = {
			isa = PBXGroup;
			children = (
				E2AED4E22A98C39C0037A490 /* ditech_testUITests.swift */,
				E2AED4E42A98C39C0037A490 /* ditech_testUITestsLaunchTests.swift */,
			);
			path = "ditech-testUITests";
			sourceTree = "<group>";
		};
		E2AED4F12A98C4B80037A490 /* DataSources */ = {
			isa = PBXGroup;
			children = (
				E2B23B962A9999EE008DCDCA /* Network */,
			);
			path = DataSources;
			sourceTree = "<group>";
		};
		E2AED4F22A98C4C30037A490 /* Commons */ = {
			isa = PBXGroup;
			children = (
				E2AED4F82A98C5390037A490 /* ImageHelper.swift */,
				E23A87E92A9CA763006CE695 /* GeneralHelper.swift */,
			);
			path = Commons;
			sourceTree = "<group>";
		};
		E2AED4F42A98C4F70037A490 /* Views */ = {
			isa = PBXGroup;
			children = (
				E23A87DF2A9C4F7D006CE695 /* CoinList */,
				E23A87DE2A9C4F74006CE695 /* Home */,
				E2AED4C72A98C3990037A490 /* Main.storyboard */,
			);
			path = Views;
			sourceTree = "<group>";
		};
		E2AED4F52A98C5070037A490 /* Models */ = {
			isa = PBXGroup;
			children = (
				E2AED4FD2A98C8770037A490 /* CoinData.swift */,
				E23A87DB2A9C2CAF006CE695 /* CoinIcon.swift */,
			);
			path = Models;
			sourceTree = "<group>";
		};
		E2AED4FC2A98C5E50037A490 /* Cells */ = {
			isa = PBXGroup;
			children = (
				E2B23B9F2A9B67DF008DCDCA /* CoinCell.swift */,
				E2B23BA02A9B67DF008DCDCA /* CoinCell.xib */,
			);
			path = Cells;
			sourceTree = "<group>";
		};
		E2B23B962A9999EE008DCDCA /* Network */ = {
			isa = PBXGroup;
			children = (
				E2AED4F62A98C52B0037A490 /* NetworkService.swift */,
				E2AED4FA2A98C55B0037A490 /* HttpMethods.swift */,
			);
			path = Network;
			sourceTree = "<group>";
		};
/* End PBXGroup section */

/* Begin PBXNativeTarget section */
		E2AED4BD2A98C3990037A490 /* ditech-test */ = {
			isa = PBXNativeTarget;
			buildConfigurationList = E2AED4E82A98C39C0037A490 /* Build configuration list for PBXNativeTarget "ditech-test" */;
			buildPhases = (
				E2AED4BA2A98C3990037A490 /* Sources */,
				E2AED4BB2A98C3990037A490 /* Frameworks */,
				E2AED4BC2A98C3990037A490 /* Resources */,
			);
			buildRules = (
			);
			dependencies = (
			);
			name = "ditech-test";
			productName = "ditech-test";
			productReference = E2AED4BE2A98C3990037A490 /* ditech-test.app */;
			productType = "com.apple.product-type.application";
		};
		E2AED4D32A98C39C0037A490 /* ditech-testTests */ = {
			isa = PBXNativeTarget;
			buildConfigurationList = E2AED4EB2A98C39C0037A490 /* Build configuration list for PBXNativeTarget "ditech-testTests" */;
			buildPhases = (
				E2AED4D02A98C39C0037A490 /* Sources */,
				E2AED4D12A98C39C0037A490 /* Frameworks */,
				E2AED4D22A98C39C0037A490 /* Resources */,
			);
			buildRules = (
			);
			dependencies = (
				E2AED4D62A98C39C0037A490 /* PBXTargetDependency */,
			);
			name = "ditech-testTests";
			productName = "ditech-testTests";
			productReference = E2AED4D42A98C39C0037A490 /* ditech-testTests.xctest */;
			productType = "com.apple.product-type.bundle.unit-test";
		};
		E2AED4DD2A98C39C0037A490 /* ditech-testUITests */ = {
			isa = PBXNativeTarget;
			buildConfigurationList = E2AED4EE2A98C39C0037A490 /* Build configuration list for PBXNativeTarget "ditech-testUITests" */;
			buildPhases = (
				E2AED4DA2A98C39C0037A490 /* Sources */,
				E2AED4DB2A98C39C0037A490 /* Frameworks */,
				E2AED4DC2A98C39C0037A490 /* Resources */,
			);
			buildRules = (
			);
			dependencies = (
				E2AED4E02A98C39C0037A490 /* PBXTargetDependency */,
			);
			name = "ditech-testUITests";
			productName = "ditech-testUITests";
			productReference = E2AED4DE2A98C39C0037A490 /* ditech-testUITests.xctest */;
			productType = "com.apple.product-type.bundle.ui-testing";
		};
/* End PBXNativeTarget section */

/* Begin PBXProject section */
		E2AED4B62A98C3990037A490 /* Project object */ = {
			isa = PBXProject;
			attributes = {
				BuildIndependentTargetsInParallel = 1;
				LastSwiftUpdateCheck = 1430;
				LastUpgradeCheck = 1430;
				TargetAttributes = {
					E2AED4BD2A98C3990037A490 = {
						CreatedOnToolsVersion = 14.3;
					};
					E2AED4D32A98C39C0037A490 = {
						CreatedOnToolsVersion = 14.3;
						TestTargetID = E2AED4BD2A98C3990037A490;
					};
					E2AED4DD2A98C39C0037A490 = {
						CreatedOnToolsVersion = 14.3;
						TestTargetID = E2AED4BD2A98C3990037A490;
					};
				};
			};
			buildConfigurationList = E2AED4B92A98C3990037A490 /* Build configuration list for PBXProject "ditech-test" */;
			compatibilityVersion = "Xcode 14.0";
			developmentRegion = en;
			hasScannedForEncodings = 0;
			knownRegions = (
				en,
				Base,
			);
			mainGroup = E2AED4B52A98C3990037A490;
			productRefGroup = E2AED4BF2A98C3990037A490 /* Products */;
			projectDirPath = "";
			projectRoot = "";
			targets = (
				E2AED4BD2A98C3990037A490 /* ditech-test */,
				E2AED4D32A98C39C0037A490 /* ditech-testTests */,
				E2AED4DD2A98C39C0037A490 /* ditech-testUITests */,
			);
		};
/* End PBXProject section */

/* Begin PBXResourcesBuildPhase section */
		E2AED4BC2A98C3990037A490 /* Resources */ = {
			isa = PBXResourcesBuildPhase;
			buildActionMask = 2147483647;
			files = (
				E2AED4CE2A98C39C0037A490 /* LaunchScreen.storyboard in Resources */,
				E2AED4CB2A98C39C0037A490 /* Assets.xcassets in Resources */,
				E2B23BA22A9B67DF008DCDCA /* CoinCell.xib in Resources */,
				E2AED4C92A98C3990037A490 /* Main.storyboard in Resources */,
			);
			runOnlyForDeploymentPostprocessing = 0;
		};
		E2AED4D22A98C39C0037A490 /* Resources */ = {
			isa = PBXResourcesBuildPhase;
			buildActionMask = 2147483647;
			files = (
			);
			runOnlyForDeploymentPostprocessing = 0;
		};
		E2AED4DC2A98C39C0037A490 /* Resources */ = {
			isa = PBXResourcesBuildPhase;
			buildActionMask = 2147483647;
			files = (
			);
			runOnlyForDeploymentPostprocessing = 0;
		};
/* End PBXResourcesBuildPhase section */

/* Begin PBXSourcesBuildPhase section */
		E2AED4BA2A98C3990037A490 /* Sources */ = {
			isa = PBXSourcesBuildPhase;
			buildActionMask = 2147483647;
			files = (
				E2AED4C62A98C3990037A490 /* HomeViewController.swift in Sources */,
				E2B23BA12A9B67DF008DCDCA /* CoinCell.swift in Sources */,
				E2AED4F92A98C5390037A490 /* ImageHelper.swift in Sources */,
				E2AED4FE2A98C8770037A490 /* CoinData.swift in Sources */,
				E23A87E82A9C853B006CE695 /* CoinDetailViewController.swift in Sources */,
				E2AED4FB2A98C55B0037A490 /* HttpMethods.swift in Sources */,
				E23A87DC2A9C2CAF006CE695 /* CoinIcon.swift in Sources */,
				E2AED4C22A98C3990037A490 /* AppDelegate.swift in Sources */,
				E2AED4F72A98C52B0037A490 /* NetworkService.swift in Sources */,
				E23A87EA2A9CA763006CE695 /* GeneralHelper.swift in Sources */,
				E2B23BA62A9B7850008DCDCA /* CoinListViewController.swift in Sources */,
				E2AED4C42A98C3990037A490 /* SceneDelegate.swift in Sources */,
				E2B23B982A999A7A008DCDCA /* CoinListPresenter.swift in Sources */,
			);
			runOnlyForDeploymentPostprocessing = 0;
		};
		E2AED4D02A98C39C0037A490 /* Sources */ = {
			isa = PBXSourcesBuildPhase;
			buildActionMask = 2147483647;
			files = (
				E2AED4D92A98C39C0037A490 /* ditech_testTests.swift in Sources */,
			);
			runOnlyForDeploymentPostprocessing = 0;
		};
		E2AED4DA2A98C39C0037A490 /* Sources */ = {
			isa = PBXSourcesBuildPhase;
			buildActionMask = 2147483647;
			files = (
				E2AED4E32A98C39C0037A490 /* ditech_testUITests.swift in Sources */,
				E2AED4E52A98C39C0037A490 /* ditech_testUITestsLaunchTests.swift in Sources */,
			);
			runOnlyForDeploymentPostprocessing = 0;
		};
/* End PBXSourcesBuildPhase section */

/* Begin PBXTargetDependency section */
		E2AED4D62A98C39C0037A490 /* PBXTargetDependency */ = {
			isa = PBXTargetDependency;
			target = E2AED4BD2A98C3990037A490 /* ditech-test */;
			targetProxy = E2AED4D52A98C39C0037A490 /* PBXContainerItemProxy */;
		};
		E2AED4E02A98C39C0037A490 /* PBXTargetDependency */ = {
			isa = PBXTargetDependency;
			target = E2AED4BD2A98C3990037A490 /* ditech-test */;
			targetProxy = E2AED4DF2A98C39C0037A490 /* PBXContainerItemProxy */;
		};
/* End PBXTargetDependency section */

/* Begin PBXVariantGroup section */
		E2AED4C72A98C3990037A490 /* Main.storyboard */ = {
			isa = PBXVariantGroup;
			children = (
				E2AED4C82A98C3990037A490 /* Base */,
			);
			name = Main.storyboard;
			sourceTree = "<group>";
		};
		E2AED4CC2A98C39C0037A490 /* LaunchScreen.storyboard */ = {
			isa = PBXVariantGroup;
			children = (
				E2AED4CD2A98C39C0037A490 /* Base */,
			);
			name = LaunchScreen.storyboard;
			sourceTree = "<group>";
		};
/* End PBXVariantGroup section */

/* Begin XCBuildConfiguration section */
		E2AED4E62A98C39C0037A490 /* Debug */ = {
			isa = XCBuildConfiguration;
			buildSettings = {
				ALWAYS_SEARCH_USER_PATHS = NO;
				CLANG_ANALYZER_NONNULL = YES;
				CLANG_ANALYZER_NUMBER_OBJECT_CONVERSION = YES_AGGRESSIVE;
				CLANG_CXX_LANGUAGE_STANDARD = "gnu++20";
				CLANG_ENABLE_MODULES = YES;
				CLANG_ENABLE_OBJC_ARC = YES;
				CLANG_ENABLE_OBJC_WEAK = YES;
				CLANG_WARN_BLOCK_CAPTURE_AUTORELEASING = YES;
				CLANG_WARN_BOOL_CONVERSION = YES;
				CLANG_WARN_COMMA = YES;
				CLANG_WARN_CONSTANT_CONVERSION = YES;
				CLANG_WARN_DEPRECATED_OBJC_IMPLEMENTATIONS = YES;
				CLANG_WARN_DIRECT_OBJC_ISA_USAGE = YES_ERROR;
				CLANG_WARN_DOCUMENTATION_COMMENTS = YES;
				CLANG_WARN_EMPTY_BODY = YES;
				CLANG_WARN_ENUM_CONVERSION = YES;
				CLANG_WARN_INFINITE_RECURSION = YES;
				CLANG_WARN_INT_CONVERSION = YES;
				CLANG_WARN_NON_LITERAL_NULL_CONVERSION = YES;
				CLANG_WARN_OBJC_IMPLICIT_RETAIN_SELF = YES;
				CLANG_WARN_OBJC_LITERAL_CONVERSION = YES;
				CLANG_WARN_OBJC_ROOT_CLASS = YES_ERROR;
				CLANG_WARN_QUOTED_INCLUDE_IN_FRAMEWORK_HEADER = YES;
				CLANG_WARN_RANGE_LOOP_ANALYSIS = YES;
				CLANG_WARN_STRICT_PROTOTYPES = YES;
				CLANG_WARN_SUSPICIOUS_MOVE = YES;
				CLANG_WARN_UNGUARDED_AVAILABILITY = YES_AGGRESSIVE;
				CLANG_WARN_UNREACHABLE_CODE = YES;
				CLANG_WARN__DUPLICATE_METHOD_MATCH = YES;
				COPY_PHASE_STRIP = NO;
				DEBUG_INFORMATION_FORMAT = dwarf;
				ENABLE_STRICT_OBJC_MSGSEND = YES;
				ENABLE_TESTABILITY = YES;
				GCC_C_LANGUAGE_STANDARD = gnu11;
				GCC_DYNAMIC_NO_PIC = NO;
				GCC_NO_COMMON_BLOCKS = YES;
				GCC_OPTIMIZATION_LEVEL = 0;
				GCC_PREPROCESSOR_DEFINITIONS = (
					"DEBUG=1",
					"$(inherited)",
				);
				GCC_WARN_64_TO_32_BIT_CONVERSION = YES;
				GCC_WARN_ABOUT_RETURN_TYPE = YES_ERROR;
				GCC_WARN_UNDECLARED_SELECTOR = YES;
				GCC_WARN_UNINITIALIZED_AUTOS = YES_AGGRESSIVE;
				GCC_WARN_UNUSED_FUNCTION = YES;
				GCC_WARN_UNUSED_VARIABLE = YES;
				IPHONEOS_DEPLOYMENT_TARGET = 16.4;
				MTL_ENABLE_DEBUG_INFO = INCLUDE_SOURCE;
				MTL_FAST_MATH = YES;
				ONLY_ACTIVE_ARCH = YES;
				SDKROOT = iphoneos;
				SWIFT_ACTIVE_COMPILATION_CONDITIONS = DEBUG;
				SWIFT_OPTIMIZATION_LEVEL = "-Onone";
			};
			name = Debug;
		};
		E2AED4E72A98C39C0037A490 /* Release */ = {
			isa = XCBuildConfiguration;
			buildSettings = {
				ALWAYS_SEARCH_USER_PATHS = NO;
				CLANG_ANALYZER_NONNULL = YES;
				CLANG_ANALYZER_NUMBER_OBJECT_CONVERSION = YES_AGGRESSIVE;
				CLANG_CXX_LANGUAGE_STANDARD = "gnu++20";
				CLANG_ENABLE_MODULES = YES;
				CLANG_ENABLE_OBJC_ARC = YES;
				CLANG_ENABLE_OBJC_WEAK = YES;
				CLANG_WARN_BLOCK_CAPTURE_AUTORELEASING = YES;
				CLANG_WARN_BOOL_CONVERSION = YES;
				CLANG_WARN_COMMA = YES;
				CLANG_WARN_CONSTANT_CONVERSION = YES;
				CLANG_WARN_DEPRECATED_OBJC_IMPLEMENTATIONS = YES;
				CLANG_WARN_DIRECT_OBJC_ISA_USAGE = YES_ERROR;
				CLANG_WARN_DOCUMENTATION_COMMENTS = YES;
				CLANG_WARN_EMPTY_BODY = YES;
				CLANG_WARN_ENUM_CONVERSION = YES;
				CLANG_WARN_INFINITE_RECURSION = YES;
				CLANG_WARN_INT_CONVERSION = YES;
				CLANG_WARN_NON_LITERAL_NULL_CONVERSION = YES;
				CLANG_WARN_OBJC_IMPLICIT_RETAIN_SELF = YES;
				CLANG_WARN_OBJC_LITERAL_CONVERSION = YES;
				CLANG_WARN_OBJC_ROOT_CLASS = YES_ERROR;
				CLANG_WARN_QUOTED_INCLUDE_IN_FRAMEWORK_HEADER = YES;
				CLANG_WARN_RANGE_LOOP_ANALYSIS = YES;
				CLANG_WARN_STRICT_PROTOTYPES = YES;
				CLANG_WARN_SUSPICIOUS_MOVE = YES;
				CLANG_WARN_UNGUARDED_AVAILABILITY = YES_AGGRESSIVE;
				CLANG_WARN_UNREACHABLE_CODE = YES;
				CLANG_WARN__DUPLICATE_METHOD_MATCH = YES;
				COPY_PHASE_STRIP = NO;
				DEBUG_INFORMATION_FORMAT = "dwarf-with-dsym";
				ENABLE_NS_ASSERTIONS = NO;
				ENABLE_STRICT_OBJC_MSGSEND = YES;
				GCC_C_LANGUAGE_STANDARD = gnu11;
				GCC_NO_COMMON_BLOCKS = YES;
				GCC_WARN_64_TO_32_BIT_CONVERSION = YES;
				GCC_WARN_ABOUT_RETURN_TYPE = YES_ERROR;
				GCC_WARN_UNDECLARED_SELECTOR = YES;
				GCC_WARN_UNINITIALIZED_AUTOS = YES_AGGRESSIVE;
				GCC_WARN_UNUSED_FUNCTION = YES;
				GCC_WARN_UNUSED_VARIABLE = YES;
				IPHONEOS_DEPLOYMENT_TARGET = 16.4;
				MTL_ENABLE_DEBUG_INFO = NO;
				MTL_FAST_MATH = YES;
				SDKROOT = iphoneos;
				SWIFT_COMPILATION_MODE = wholemodule;
				SWIFT_OPTIMIZATION_LEVEL = "-O";
				VALIDATE_PRODUCT = YES;
			};
			name = Release;
		};
		E2AED4E92A98C39C0037A490 /* Debug */ = {
			isa = XCBuildConfiguration;
			buildSettings = {
				ASSETCATALOG_COMPILER_APPICON_NAME = AppIcon;
				ASSETCATALOG_COMPILER_GLOBAL_ACCENT_COLOR_NAME = AccentColor;
				CODE_SIGN_STYLE = Automatic;
				CURRENT_PROJECT_VERSION = 1;
				DEVELOPMENT_TEAM = 8S5PC28SKC;
				GENERATE_INFOPLIST_FILE = YES;
				INFOPLIST_FILE = "ditech-test/SupportFiles/Info.plist";
				INFOPLIST_KEY_UIApplicationSupportsIndirectInputEvents = YES;
				INFOPLIST_KEY_UILaunchStoryboardName = LaunchScreen;
				INFOPLIST_KEY_UIMainStoryboardFile = Main;
				INFOPLIST_KEY_UISupportedInterfaceOrientations = UIInterfaceOrientationPortrait;
				INFOPLIST_KEY_UISupportedInterfaceOrientations_iPad = "UIInterfaceOrientationLandscapeLeft UIInterfaceOrientationLandscapeRight UIInterfaceOrientationPortrait UIInterfaceOrientationPortraitUpsideDown";
				LD_RUNPATH_SEARCH_PATHS = (
					"$(inherited)",
					"@executable_path/Frameworks",
				);
				MARKETING_VERSION = 1.0;
				PRODUCT_BUNDLE_IDENTIFIER = "AndresDiazo.ditech-test";
				PRODUCT_NAME = "$(TARGET_NAME)";
				SWIFT_EMIT_LOC_STRINGS = YES;
				SWIFT_VERSION = 5.0;
				TARGETED_DEVICE_FAMILY = "1,2";
			};
			name = Debug;
		};
		E2AED4EA2A98C39C0037A490 /* Release */ = {
			isa = XCBuildConfiguration;
			buildSettings = {
				ASSETCATALOG_COMPILER_APPICON_NAME = AppIcon;
				ASSETCATALOG_COMPILER_GLOBAL_ACCENT_COLOR_NAME = AccentColor;
				CODE_SIGN_STYLE = Automatic;
				CURRENT_PROJECT_VERSION = 1;
				DEVELOPMENT_TEAM = 8S5PC28SKC;
				GENERATE_INFOPLIST_FILE = YES;
				INFOPLIST_FILE = "ditech-test/SupportFiles/Info.plist";
				INFOPLIST_KEY_UIApplicationSupportsIndirectInputEvents = YES;
				INFOPLIST_KEY_UILaunchStoryboardName = LaunchScreen;
				INFOPLIST_KEY_UIMainStoryboardFile = Main;
				INFOPLIST_KEY_UISupportedInterfaceOrientations = UIInterfaceOrientationPortrait;
				INFOPLIST_KEY_UISupportedInterfaceOrientations_iPad = "UIInterfaceOrientationLandscapeLeft UIInterfaceOrientationLandscapeRight UIInterfaceOrientationPortrait UIInterfaceOrientationPortraitUpsideDown";
				LD_RUNPATH_SEARCH_PATHS = (
					"$(inherited)",
					"@executable_path/Frameworks",
				);
				MARKETING_VERSION = 1.0;
				PRODUCT_BUNDLE_IDENTIFIER = "AndresDiazo.ditech-test";
				PRODUCT_NAME = "$(TARGET_NAME)";
				SWIFT_EMIT_LOC_STRINGS = YES;
				SWIFT_VERSION = 5.0;
				TARGETED_DEVICE_FAMILY = "1,2";
			};
			name = Release;
		};
		E2AED4EC2A98C39C0037A490 /* Debug */ = {
			isa = XCBuildConfiguration;
			buildSettings = {
				ALWAYS_EMBED_SWIFT_STANDARD_LIBRARIES = YES;
				BUNDLE_LOADER = "$(TEST_HOST)";
				CODE_SIGN_STYLE = Automatic;
				CURRENT_PROJECT_VERSION = 1;
				DEVELOPMENT_TEAM = 8S5PC28SKC;
				GENERATE_INFOPLIST_FILE = YES;
				IPHONEOS_DEPLOYMENT_TARGET = 16.4;
				MARKETING_VERSION = 1.0;
				PRODUCT_BUNDLE_IDENTIFIER = "AndresDiazo.ditech-testTests";
				PRODUCT_NAME = "$(TARGET_NAME)";
				SWIFT_EMIT_LOC_STRINGS = NO;
				SWIFT_VERSION = 5.0;
				TARGETED_DEVICE_FAMILY = "1,2";
				TEST_HOST = "$(BUILT_PRODUCTS_DIR)/ditech-test.app/$(BUNDLE_EXECUTABLE_FOLDER_PATH)/ditech-test";
			};
			name = Debug;
		};
		E2AED4ED2A98C39C0037A490 /* Release */ = {
			isa = XCBuildConfiguration;
			buildSettings = {
				ALWAYS_EMBED_SWIFT_STANDARD_LIBRARIES = YES;
				BUNDLE_LOADER = "$(TEST_HOST)";
				CODE_SIGN_STYLE = Automatic;
				CURRENT_PROJECT_VERSION = 1;
				DEVELOPMENT_TEAM = 8S5PC28SKC;
				GENERATE_INFOPLIST_FILE = YES;
				IPHONEOS_DEPLOYMENT_TARGET = 16.4;
				MARKETING_VERSION = 1.0;
				PRODUCT_BUNDLE_IDENTIFIER = "AndresDiazo.ditech-testTests";
				PRODUCT_NAME = "$(TARGET_NAME)";
				SWIFT_EMIT_LOC_STRINGS = NO;
				SWIFT_VERSION = 5.0;
				TARGETED_DEVICE_FAMILY = "1,2";
				TEST_HOST = "$(BUILT_PRODUCTS_DIR)/ditech-test.app/$(BUNDLE_EXECUTABLE_FOLDER_PATH)/ditech-test";
			};
			name = Release;
		};
		E2AED4EF2A98C39C0037A490 /* Debug */ = {
			isa = XCBuildConfiguration;
			buildSettings = {
				ALWAYS_EMBED_SWIFT_STANDARD_LIBRARIES = YES;
				CODE_SIGN_STYLE = Automatic;
				CURRENT_PROJECT_VERSION = 1;
				DEVELOPMENT_TEAM = 8S5PC28SKC;
				GENERATE_INFOPLIST_FILE = YES;
				MARKETING_VERSION = 1.0;
				PRODUCT_BUNDLE_IDENTIFIER = "AndresDiazo.ditech-testUITests";
				PRODUCT_NAME = "$(TARGET_NAME)";
				SWIFT_EMIT_LOC_STRINGS = NO;
				SWIFT_VERSION = 5.0;
				TARGETED_DEVICE_FAMILY = "1,2";
				TEST_TARGET_NAME = "ditech-test";
			};
			name = Debug;
		};
		E2AED4F02A98C39C0037A490 /* Release */ = {
			isa = XCBuildConfiguration;
			buildSettings = {
				ALWAYS_EMBED_SWIFT_STANDARD_LIBRARIES = YES;
				CODE_SIGN_STYLE = Automatic;
				CURRENT_PROJECT_VERSION = 1;
				DEVELOPMENT_TEAM = 8S5PC28SKC;
				GENERATE_INFOPLIST_FILE = YES;
				MARKETING_VERSION = 1.0;
				PRODUCT_BUNDLE_IDENTIFIER = "AndresDiazo.ditech-testUITests";
				PRODUCT_NAME = "$(TARGET_NAME)";
				SWIFT_EMIT_LOC_STRINGS = NO;
				SWIFT_VERSION = 5.0;
				TARGETED_DEVICE_FAMILY = "1,2";
				TEST_TARGET_NAME = "ditech-test";
			};
			name = Release;
		};
/* End XCBuildConfiguration section */

/* Begin XCConfigurationList section */
		E2AED4B92A98C3990037A490 /* Build configuration list for PBXProject "ditech-test" */ = {
			isa = XCConfigurationList;
			buildConfigurations = (
				E2AED4E62A98C39C0037A490 /* Debug */,
				E2AED4E72A98C39C0037A490 /* Release */,
			);
			defaultConfigurationIsVisible = 0;
			defaultConfigurationName = Release;
		};
		E2AED4E82A98C39C0037A490 /* Build configuration list for PBXNativeTarget "ditech-test" */ = {
			isa = XCConfigurationList;
			buildConfigurations = (
				E2AED4E92A98C39C0037A490 /* Debug */,
				E2AED4EA2A98C39C0037A490 /* Release */,
			);
			defaultConfigurationIsVisible = 0;
			defaultConfigurationName = Release;
		};
		E2AED4EB2A98C39C0037A490 /* Build configuration list for PBXNativeTarget "ditech-testTests" */ = {
			isa = XCConfigurationList;
			buildConfigurations = (
				E2AED4EC2A98C39C0037A490 /* Debug */,
				E2AED4ED2A98C39C0037A490 /* Release */,
			);
			defaultConfigurationIsVisible = 0;
			defaultConfigurationName = Release;
		};
		E2AED4EE2A98C39C0037A490 /* Build configuration list for PBXNativeTarget "ditech-testUITests" */ = {
			isa = XCConfigurationList;
			buildConfigurations = (
				E2AED4EF2A98C39C0037A490 /* Debug */,
				E2AED4F02A98C39C0037A490 /* Release */,
			);
			defaultConfigurationIsVisible = 0;
			defaultConfigurationName = Release;
		};
/* End XCConfigurationList section */
	};
	rootObject = E2AED4B62A98C3990037A490 /* Project object */;
}
